{
  "lockfile_version": "1",
  "packages": {
    "github:NixOS/nixpkgs/nixpkgs-unstable": {
      "resolved": "github:NixOS/nixpkgs/032bc6539bd5f14e9d0c51bd79cfe9a055b094c3?lastModified=1746152631&narHash=sha256-zBuvmL6%2BCUsk2J8GINpyy8Hs1Zp4PP6iBWSmZ4SCQ%2Fs%3D"
    },
    "nil@latest": {
      "last_modified": "2025-04-09T17:27:46Z",
      "resolved": "github:NixOS/nixpkgs/67d2b8200c828903b36a6dd0fb952fe424aa0606#nil",
      "source": "devbox-search",
      "version": "2024-08-06",
      "systems": {
        "aarch64-darwin": {
          "outputs": [
            {
              "name": "out",
              "path": "/nix/store/jnsqwhv9k1q4lcv7i95vd3nfb7r2sm5w-nil-2024-08-06",
              "default": true
            }
          ],
          "store_path": "/nix/store/jnsqwhv9k1q4lcv7i95vd3nfb7r2sm5w-nil-2024-08-06"
        },
        "aarch64-linux": {
          "outputs": [
            {
              "name": "out",
              "path": "/nix/store/cnw6i8m7wscshrmpn1wc8n0idkdgnsdj-nil-2024-08-06",
              "default": true
            }
          ],
          "store_path": "/nix/store/cnw6i8m7wscshrmpn1wc8n0idkdgnsdj-nil-2024-08-06"
        },
        "x86_64-darwin": {
          "outputs": [
            {
              "name": "out",
              "path": "/nix/store/x1l1d4if09ds66wrl9dvdkazi7d8yvj5-nil-2024-08-06",
              "default": true
            }
          ],
          "store_path": "/nix/store/x1l1d4if09ds66wrl9dvdkazi7d8yvj5-nil-2024-08-06"
        },
        "x86_64-linux": {
          "outputs": [
            {
              "name": "out",
              "path": "/nix/store/fbp9jsyga1kyhxrzrkxlfssd03wgfxyp-nil-2024-08-06",
              "default": true
            }
          ],
          "store_path": "/nix/store/fbp9jsyga1kyhxrzrkxlfssd03wgfxyp-nil-2024-08-06"
        }
      }
    },
    "nixd@latest": {
      "last_modified": "2025-04-07T13:23:10Z",
      "resolved": "github:NixOS/nixpkgs/b0b4b5f8f621bfe213b8b21694bab52ecfcbf30b#nixd",
      "source": "devbox-search",
      "version": "2.6.2",
      "systems": {
        "aarch64-darwin": {
          "outputs": [
            {
              "name": "out",
              "path": "/nix/store/1jbfcrh6pjkm39276rbjjjnwsdzcsfff-nixd-2.6.2",
              "default": true
            }
          ],
          "store_path": "/nix/store/1jbfcrh6pjkm39276rbjjjnwsdzcsfff-nixd-2.6.2"
        },
        "aarch64-linux": {
          "outputs": [
            {
              "name": "out",
              "path": "/nix/store/dfx38wq1pp4cyy12m957pj5aqz1s4s5y-nixd-2.6.2",
              "default": true
            }
          ],
          "store_path": "/nix/store/dfx38wq1pp4cyy12m957pj5aqz1s4s5y-nixd-2.6.2"
        },
        "x86_64-darwin": {
          "outputs": [
            {
              "name": "out",
              "path": "/nix/store/l8alyyqpr0kia89l5mb688b7sb9mvh96-nixd-2.6.2",
              "default": true
            }
          ],
          "store_path": "/nix/store/l8alyyqpr0kia89l5mb688b7sb9mvh96-nixd-2.6.2"
        },
        "x86_64-linux": {
          "outputs": [
            {
              "name": "out",
              "path": "/nix/store/hzakjz06vm740sb998nribsq3xg77g1z-nixd-2.6.2",
              "default": true
            }
          ],
          "store_path": "/nix/store/hzakjz06vm740sb998nribsq3xg77g1z-nixd-2.6.2"
        }
      }
    },
    "nixpkgs-fmt@latest": {
      "last_modified": "2025-04-13T09:22:33Z",
      "resolved": "github:NixOS/nixpkgs/18dd725c29603f582cf1900e0d25f9f1063dbf11#nixpkgs-fmt",
      "source": "devbox-search",
      "version": "1.3.0",
      "systems": {
        "aarch64-darwin": {
          "outputs": [
            {
              "name": "out",
              "path": "/nix/store/m6p3ysrlaxa57iaxjv1mi5ab79pankvk-nixpkgs-fmt-1.3.0",
              "default": true
            }
          ],
          "store_path": "/nix/store/m6p3ysrlaxa57iaxjv1mi5ab79pankvk-nixpkgs-fmt-1.3.0"
        },
        "aarch64-linux": {
          "outputs": [
            {
              "name": "out",
              "path": "/nix/store/xvwh1pzk2x5x2sbqb0sm4jiw4npavbyh-nixpkgs-fmt-1.3.0",
              "default": true
            }
          ],
          "store_path": "/nix/store/xvwh1pzk2x5x2sbqb0sm4jiw4npavbyh-nixpkgs-fmt-1.3.0"
        },
        "x86_64-darwin": {
          "outputs": [
            {
              "name": "out",
              "path": "/nix/store/pjfsp396hh0c3kbr8bnmj5d8c2bh7p8n-nixpkgs-fmt-1.3.0",
              "default": true
            }
          ],
          "store_path": "/nix/store/pjfsp396hh0c3kbr8bnmj5d8c2bh7p8n-nixpkgs-fmt-1.3.0"
        },
        "x86_64-linux": {
          "outputs": [
            {
              "name": "out",
              "path": "/nix/store/8iymw65sbi9krxq74qvj064lkmjjsm7r-nixpkgs-fmt-1.3.0",
              "default": true
            }
          ],
          "store_path": "/nix/store/8iymw65sbi9krxq74qvj064lkmjjsm7r-nixpkgs-fmt-1.3.0"
        }
      }
    }
  }
}
